
Microsoft Visual Studio Solution File, Format Version 12.00
# Visual Studio Version 17
VisualStudioVersion = 17.5.002.0
MinimumVisualStudioVersion = 10.0.40219.1
Project("{9A19103F-16F7-4668-BE54-9A1E7A4F7556}") = "Bus_FronEnd", "Bus_FronEnd.csproj", "{40DA71C1-1256-4369-AC48-6C49DB4A4016}"
EndProject
Global
	GlobalSection(SolutionConfigurationPlatforms) = preSolution
		Debug|Any CPU = Debug|Any CPU
		Release|Any CPU = Release|Any CPU
	EndGlobalSection
	GlobalSection(ProjectConfigurationPlatforms) = postSolution
		{40DA71C1-1256-4369-AC48-6C49DB4A4016}.Debug|Any CPU.ActiveCfg = Debug|Any CPU
		{40DA71C1-1256-4369-AC48-6C49DB4A4016}.Debug|Any CPU.Build.0 = Debug|Any CPU
		{40DA71C1-1256-4369-AC48-6C49DB4A4016}.Release|Any CPU.ActiveCfg = Release|Any CPU
		{40DA71C1-1256-4369-AC48-6C49DB4A4016}.Release|Any CPU.Build.0 = Release|Any CPU
	EndGlobalSection
	GlobalSection(SolutionProperties) = preSolution
		HideSolutionNode = FALSE
	EndGlobalSection
	GlobalSection(ExtensibilityGlobals) = postSolution
		SolutionGuid = {11CFABDE-6A77-4A25-871C-3AC15EA1251B}
	EndGlobalSection
EndGlobal
